// !$*UTF8*$!
{
	archiveVersion = 1;
	classes = {
	};
	objectVersion = 56;
	objects = {

/* Begin PBXBuildFile section */
		841ECA422C2B808E00BAE61D /* Game.cpp in Sources */ = {isa = PBXBuildFile; fileRef = 841ECA402C2B808E00BAE61D /* Game.cpp */; };
		841ECA442C2B818F00BAE61D /* Arena.cpp in Sources */ = {isa = PBXBuildFile; fileRef = 841ECA432C2B818F00BAE61D /* Arena.cpp */; };
		843E7CA72C2B7B5400F293E2 /* main.cpp in Sources */ = {isa = PBXBuildFile; fileRef = 843E7CA62C2B7B5400F293E2 /* main.cpp */; };
		844CE9C52C2B973C00B202D1 /* Robot.cpp in Sources */ = {isa = PBXBuildFile; fileRef = 844CE9C42C2B973C00B202D1 /* Robot.cpp */; };
		844CE9CB2C2B987400B202D1 /* utilities.cpp in Sources */ = {isa = PBXBuildFile; fileRef = 844CE9C92C2B987400B202D1 /* utilities.cpp */; };
		844CE9CF2C2BA45800B202D1 /* Player.cpp in Sources */ = {isa = PBXBuildFile; fileRef = 844CE9CE2C2BA45800B202D1 /* Player.cpp */; };
		849B13F02C3283A8001439E1 /* Previous.cpp in Sources */ = {isa = PBXBuildFile; fileRef = 849B13EF2C3283A8001439E1 /* Previous.cpp */; };
/* End PBXBuildFile section */

/* Begin PBXCopyFilesBuildPhase section */
		843E7CA12C2B7B5400F293E2 /* CopyFiles */ = {
			isa = PBXCopyFilesBuildPhase;
			buildActionMask = 2147483647;
			dstPath = /usr/share/man/man1/;
			dstSubfolderSpec = 0;
			files = (
			);
			runOnlyForDeploymentPostprocessing = 1;
		};
/* End PBXCopyFilesBuildPhase section */

/* Begin PBXFileReference section */
		841ECA3F2C2B7F8100BAE61D /* Game.h */ = {isa = PBXFileReference; lastKnownFileType = sourcecode.c.h; path = Game.h; sourceTree = "<group>"; };
		841ECA402C2B808E00BAE61D /* Game.cpp */ = {isa = PBXFileReference; lastKnownFileType = sourcecode.cpp.cpp; path = Game.cpp; sourceTree = "<group>"; };
		841ECA432C2B818F00BAE61D /* Arena.cpp */ = {isa = PBXFileReference; lastKnownFileType = sourcecode.cpp.cpp; path = Arena.cpp; sourceTree = "<group>"; };
		841ECA452C2B929F00BAE61D /* Arena.h */ = {isa = PBXFileReference; lastKnownFileType = sourcecode.c.h; path = Arena.h; sourceTree = "<group>"; };
		843E7CA32C2B7B5400F293E2 /* Proj-1 */ = {isa = PBXFileReference; explicitFileType = "compiled.mach-o.executable"; includeInIndex = 0; path = "Proj-1"; sourceTree = BUILT_PRODUCTS_DIR; };
		843E7CA62C2B7B5400F293E2 /* main.cpp */ = {isa = PBXFileReference; lastKnownFileType = sourcecode.cpp.cpp; path = main.cpp; sourceTree = "<group>"; };
		844CE9C32C2B96D900B202D1 /* Robot.h */ = {isa = PBXFileReference; lastKnownFileType = sourcecode.c.h; path = Robot.h; sourceTree = "<group>"; };
		844CE9C42C2B973C00B202D1 /* Robot.cpp */ = {isa = PBXFileReference; lastKnownFileType = sourcecode.cpp.cpp; path = Robot.cpp; sourceTree = "<group>"; };
		844CE9C92C2B987400B202D1 /* utilities.cpp */ = {isa = PBXFileReference; lastKnownFileType = sourcecode.cpp.cpp; path = utilities.cpp; sourceTree = "<group>"; };
		844CE9CD2C2BA41300B202D1 /* Player.h */ = {isa = PBXFileReference; lastKnownFileType = sourcecode.c.h; path = Player.h; sourceTree = "<group>"; };
		844CE9CE2C2BA45800B202D1 /* Player.cpp */ = {isa = PBXFileReference; lastKnownFileType = sourcecode.cpp.cpp; path = Player.cpp; sourceTree = "<group>"; };
		849B13EF2C3283A8001439E1 /* Previous.cpp */ = {isa = PBXFileReference; lastKnownFileType = sourcecode.cpp.cpp; path = Previous.cpp; sourceTree = "<group>"; };
		84A5E0432C30B4E100250C73 /* Previous.h */ = {isa = PBXFileReference; lastKnownFileType = sourcecode.c.h; path = Previous.h; sourceTree = "<group>"; };
		84A5E0442C30B70B00250C73 /* globals.h */ = {isa = PBXFileReference; fileEncoding = 4; lastKnownFileType = sourcecode.c.h; path = globals.h; sourceTree = "<group>"; };
/* End PBXFileReference section */

/* Begin PBXFrameworksBuildPhase section */
		843E7CA02C2B7B5400F293E2 /* Frameworks */ = {
			isa = PBXFrameworksBuildPhase;
			buildActionMask = 2147483647;
			files = (
			);
			runOnlyForDeploymentPostprocessing = 0;
		};
/* End PBXFrameworksBuildPhase section */

/* Begin PBXGroup section */
		843E7C9A2C2B7B5400F293E2 = {
			isa = PBXGroup;
			children = (
				843E7CA52C2B7B5400F293E2 /* Proj-1 */,
				843E7CA42C2B7B5400F293E2 /* Products */,
			);
			sourceTree = "<group>";
		};
		843E7CA42C2B7B5400F293E2 /* Products */ = {
			isa = PBXGroup;
			children = (
				843E7CA32C2B7B5400F293E2 /* Proj-1 */,
			);
			name = Products;
			sourceTree = "<group>";
		};
		843E7CA52C2B7B5400F293E2 /* Proj-1 */ = {
			isa = PBXGroup;
			children = (
				843E7CA62C2B7B5400F293E2 /* main.cpp */,
				84A5E0442C30B70B00250C73 /* globals.h */,
				84A5E0432C30B4E100250C73 /* Previous.h */,
				849B13EF2C3283A8001439E1 /* Previous.cpp */,
				841ECA432C2B818F00BAE61D /* Arena.cpp */,
				841ECA452C2B929F00BAE61D /* Arena.h */,
				844CE9C42C2B973C00B202D1 /* Robot.cpp */,
				844CE9C32C2B96D900B202D1 /* Robot.h */,
				844CE9C92C2B987400B202D1 /* utilities.cpp */,
				844CE9CD2C2BA41300B202D1 /* Player.h */,
				844CE9CE2C2BA45800B202D1 /* Player.cpp */,
				841ECA3F2C2B7F8100BAE61D /* Game.h */,
				841ECA402C2B808E00BAE61D /* Game.cpp */,
			);
			path = "Proj-1";
			sourceTree = "<group>";
		};
/* End PBXGroup section */

/* Begin PBXNativeTarget section */
		843E7CA22C2B7B5400F293E2 /* Proj-1 */ = {
			isa = PBXNativeTarget;
			buildConfigurationList = 843E7CAA2C2B7B5400F293E2 /* Build configuration list for PBXNativeTarget "Proj-1" */;
			buildPhases = (
				843E7C9F2C2B7B5400F293E2 /* Sources */,
				843E7CA02C2B7B5400F293E2 /* Frameworks */,
				843E7CA12C2B7B5400F293E2 /* CopyFiles */,
			);
			buildRules = (
			);
			dependencies = (
			);
			name = "Proj-1";
			productName = "Proj-1";
			productReference = 843E7CA32C2B7B5400F293E2 /* Proj-1 */;
			productType = "com.apple.product-type.tool";
		};
/* End PBXNativeTarget section */

/* Begin PBXProject section */
		843E7C9B2C2B7B5400F293E2 /* Project object */ = {
			isa = PBXProject;
			attributes = {
				BuildIndependentTargetsInParallel = 1;
				LastUpgradeCheck = 1400;
				TargetAttributes = {
					843E7CA22C2B7B5400F293E2 = {
						CreatedOnToolsVersion = 14.0;
					};
				};
			};
			buildConfigurationList = 843E7C9E2C2B7B5400F293E2 /* Build configuration list for PBXProject "Proj-1" */;
			compatibilityVersion = "Xcode 14.0";
			developmentRegion = en;
			hasScannedForEncodings = 0;
			knownRegions = (
				en,
				Base,
			);
			mainGroup = 843E7C9A2C2B7B5400F293E2;
			productRefGroup = 843E7CA42C2B7B5400F293E2 /* Products */;
			projectDirPath = "";
			projectRoot = "";
			targets = (
				843E7CA22C2B7B5400F293E2 /* Proj-1 */,
			);
		};
/* End PBXProject section */

/* Begin PBXSourcesBuildPhase section */
		843E7C9F2C2B7B5400F293E2 /* Sources */ = {
			isa = PBXSourcesBuildPhase;
			buildActionMask = 2147483647;
			files = (
				844CE9CB2C2B987400B202D1 /* utilities.cpp in Sources */,
				849B13F02C3283A8001439E1 /* Previous.cpp in Sources */,
				844CE9C52C2B973C00B202D1 /* Robot.cpp in Sources */,
				844CE9CF2C2BA45800B202D1 /* Player.cpp in Sources */,
				843E7CA72C2B7B5400F293E2 /* main.cpp in Sources */,
				841ECA422C2B808E00BAE61D /* Game.cpp in Sources */,
				841ECA442C2B818F00BAE61D /* Arena.cpp in Sources */,
			);
			runOnlyForDeploymentPostprocessing = 0;
		};
/* End PBXSourcesBuildPhase section */

/* Begin XCBuildConfiguration section */
		843E7CA82C2B7B5400F293E2 /* Debug */ = {
			isa = XCBuildConfiguration;
			buildSettings = {
				ALWAYS_SEARCH_USER_PATHS = NO;
				CLANG_ANALYZER_NONNULL = YES;
				CLANG_ANALYZER_NUMBER_OBJECT_CONVERSION = YES_AGGRESSIVE;
				CLANG_CXX_LANGUAGE_STANDARD = "gnu++20";
				CLANG_ENABLE_MODULES = YES;
				CLANG_ENABLE_OBJC_ARC = YES;
				CLANG_ENABLE_OBJC_WEAK = YES;
				CLANG_WARN_BLOCK_CAPTURE_AUTORELEASING = YES;
				CLANG_WARN_BOOL_CONVERSION = YES;
				CLANG_WARN_COMMA = YES;
				CLANG_WARN_CONSTANT_CONVERSION = YES;
				CLANG_WARN_DEPRECATED_OBJC_IMPLEMENTATIONS = YES;
				CLANG_WARN_DIRECT_OBJC_ISA_USAGE = YES_ERROR;
				CLANG_WARN_DOCUMENTATION_COMMENTS = YES;
				CLANG_WARN_EMPTY_BODY = YES;
				CLANG_WARN_ENUM_CONVERSION = YES;
				CLANG_WARN_INFINITE_RECURSION = YES;
				CLANG_WARN_INT_CONVERSION = YES;
				CLANG_WARN_NON_LITERAL_NULL_CONVERSION = YES;
				CLANG_WARN_OBJC_IMPLICIT_RETAIN_SELF = YES;
				CLANG_WARN_OBJC_LITERAL_CONVERSION = YES;
				CLANG_WARN_OBJC_ROOT_CLASS = YES_ERROR;
				CLANG_WARN_QUOTED_INCLUDE_IN_FRAMEWORK_HEADER = YES;
				CLANG_WARN_RANGE_LOOP_ANALYSIS = YES;
				CLANG_WARN_STRICT_PROTOTYPES = YES;
				CLANG_WARN_SUSPICIOUS_MOVE = YES;
				CLANG_WARN_UNGUARDED_AVAILABILITY = YES_AGGRESSIVE;
				CLANG_WARN_UNREACHABLE_CODE = YES;
				CLANG_WARN__DUPLICATE_METHOD_MATCH = YES;
				COPY_PHASE_STRIP = NO;
				DEBUG_INFORMATION_FORMAT = dwarf;
				ENABLE_STRICT_OBJC_MSGSEND = YES;
				ENABLE_TESTABILITY = YES;
				GCC_C_LANGUAGE_STANDARD = gnu11;
				GCC_DYNAMIC_NO_PIC = NO;
				GCC_NO_COMMON_BLOCKS = YES;
				GCC_OPTIMIZATION_LEVEL = 0;
				GCC_PREPROCESSOR_DEFINITIONS = (
					"DEBUG=1",
					"$(inherited)",
				);
				GCC_WARN_64_TO_32_BIT_CONVERSION = YES;
				GCC_WARN_ABOUT_RETURN_TYPE = YES_ERROR;
				GCC_WARN_UNDECLARED_SELECTOR = YES;
				GCC_WARN_UNINITIALIZED_AUTOS = YES_AGGRESSIVE;
				GCC_WARN_UNUSED_FUNCTION = YES;
				GCC_WARN_UNUSED_VARIABLE = YES;
				MACOSX_DEPLOYMENT_TARGET = 12.3;
				MTL_ENABLE_DEBUG_INFO = INCLUDE_SOURCE;
				MTL_FAST_MATH = YES;
				ONLY_ACTIVE_ARCH = YES;
				SDKROOT = macosx;
			};
			name = Debug;
		};
		843E7CA92C2B7B5400F293E2 /* Release */ = {
			isa = XCBuildConfiguration;
			buildSettings = {
				ALWAYS_SEARCH_USER_PATHS = NO;
				CLANG_ANALYZER_NONNULL = YES;
				CLANG_ANALYZER_NUMBER_OBJECT_CONVERSION = YES_AGGRESSIVE;
				CLANG_CXX_LANGUAGE_STANDARD = "gnu++20";
				CLANG_ENABLE_MODULES = YES;
				CLANG_ENABLE_OBJC_ARC = YES;
				CLANG_ENABLE_OBJC_WEAK = YES;
				CLANG_WARN_BLOCK_CAPTURE_AUTORELEASING = YES;
				CLANG_WARN_BOOL_CONVERSION = YES;
				CLANG_WARN_COMMA = YES;
				CLANG_WARN_CONSTANT_CONVERSION = YES;
				CLANG_WARN_DEPRECATED_OBJC_IMPLEMENTATIONS = YES;
				CLANG_WARN_DIRECT_OBJC_ISA_USAGE = YES_ERROR;
				CLANG_WARN_DOCUMENTATION_COMMENTS = YES;
				CLANG_WARN_EMPTY_BODY = YES;
				CLANG_WARN_ENUM_CONVERSION = YES;
				CLANG_WARN_INFINITE_RECURSION = YES;
				CLANG_WARN_INT_CONVERSION = YES;
				CLANG_WARN_NON_LITERAL_NULL_CONVERSION = YES;
				CLANG_WARN_OBJC_IMPLICIT_RETAIN_SELF = YES;
				CLANG_WARN_OBJC_LITERAL_CONVERSION = YES;
				CLANG_WARN_OBJC_ROOT_CLASS = YES_ERROR;
				CLANG_WARN_QUOTED_INCLUDE_IN_FRAMEWORK_HEADER = YES;
				CLANG_WARN_RANGE_LOOP_ANALYSIS = YES;
				CLANG_WARN_STRICT_PROTOTYPES = YES;
				CLANG_WARN_SUSPICIOUS_MOVE = YES;
				CLANG_WARN_UNGUARDED_AVAILABILITY = YES_AGGRESSIVE;
				CLANG_WARN_UNREACHABLE_CODE = YES;
				CLANG_WARN__DUPLICATE_METHOD_MATCH = YES;
				COPY_PHASE_STRIP = NO;
				DEBUG_INFORMATION_FORMAT = "dwarf-with-dsym";
				ENABLE_NS_ASSERTIONS = NO;
				ENABLE_STRICT_OBJC_MSGSEND = YES;
				GCC_C_LANGUAGE_STANDARD = gnu11;
				GCC_NO_COMMON_BLOCKS = YES;
				GCC_WARN_64_TO_32_BIT_CONVERSION = YES;
				GCC_WARN_ABOUT_RETURN_TYPE = YES_ERROR;
				GCC_WARN_UNDECLARED_SELECTOR = YES;
				GCC_WARN_UNINITIALIZED_AUTOS = YES_AGGRESSIVE;
				GCC_WARN_UNUSED_FUNCTION = YES;
				GCC_WARN_UNUSED_VARIABLE = YES;
				MACOSX_DEPLOYMENT_TARGET = 12.3;
				MTL_ENABLE_DEBUG_INFO = NO;
				MTL_FAST_MATH = YES;
				SDKROOT = macosx;
			};
			name = Release;
		};
		843E7CAB2C2B7B5400F293E2 /* Debug */ = {
			isa = XCBuildConfiguration;
			buildSettings = {
				CODE_SIGN_STYLE = Automatic;
				PRODUCT_NAME = "$(TARGET_NAME)";
			};
			name = Debug;
		};
		843E7CAC2C2B7B5400F293E2 /* Release */ = {
			isa = XCBuildConfiguration;
			buildSettings = {
				CODE_SIGN_STYLE = Automatic;
				PRODUCT_NAME = "$(TARGET_NAME)";
			};
			name = Release;
		};
/* End XCBuildConfiguration section */

/* Begin XCConfigurationList section */
		843E7C9E2C2B7B5400F293E2 /* Build configuration list for PBXProject "Proj-1" */ = {
			isa = XCConfigurationList;
			buildConfigurations = (
				843E7CA82C2B7B5400F293E2 /* Debug */,
				843E7CA92C2B7B5400F293E2 /* Release */,
			);
			defaultConfigurationIsVisible = 0;
			defaultConfigurationName = Release;
		};
		843E7CAA2C2B7B5400F293E2 /* Build configuration list for PBXNativeTarget "Proj-1" */ = {
			isa = XCConfigurationList;
			buildConfigurations = (
				843E7CAB2C2B7B5400F293E2 /* Debug */,
				843E7CAC2C2B7B5400F293E2 /* Release */,
			);
			defaultConfigurationIsVisible = 0;
			defaultConfigurationName = Release;
		};
/* End XCConfigurationList section */
	};
	rootObject = 843E7C9B2C2B7B5400F293E2 /* Project object */;
}
